
Microsoft Visual Studio Solution File, Format Version 11.00
# Visual Studio 2010
# SharpDevelop 5.1
Project("{FAE04EC0-301F-11D3-BF4B-00C04F79EFBC}") = "GM21057Guia3Eje5", "GM21057Guia3Eje5\GM21057Guia3Eje5.csproj", "{469C413D-E3EE-48E2-A0D7-7337B86C7AD1}"
EndProject
Global
	GlobalSection(SolutionConfigurationPlatforms) = preSolution
		Debug|Any CPU = Debug|Any CPU
		Release|Any CPU = Release|Any CPU
	EndGlobalSection
	GlobalSection(ProjectConfigurationPlatforms) = postSolution
		{469C413D-E3EE-48E2-A0D7-7337B86C7AD1}.Debug|Any CPU.ActiveCfg = Debug|Any CPU
		{469C413D-E3EE-48E2-A0D7-7337B86C7AD1}.Debug|Any CPU.Build.0 = Debug|Any CPU
		{469C413D-E3EE-48E2-A0D7-7337B86C7AD1}.Release|Any CPU.ActiveCfg = Release|Any CPU
		{469C413D-E3EE-48E2-A0D7-7337B86C7AD1}.Release|Any CPU.Build.0 = Release|Any CPU
	EndGlobalSection
EndGlobal
